
Microsoft Visual Studio Solution File, Format Version 12.00
# Visual Studio Version 17
VisualStudioVersion = 17.10.35122.118
MinimumVisualStudioVersion = 10.0.40219.1
Project("{2150E333-8FDC-42A3-9474-1A3956D46DE8}") = "WebApp", "WebApp", "{8BD9E357-C00F-430B-94D4-718305CD2C32}"
EndProject
Project("{9A19103F-16F7-4668-BE54-9A1E7A4F7556}") = "Shoep.Web", "WebApp\Shoep.Web\Shoep.Web.csproj", "{FED86F64-BB21-4FB8-98FE-AEBABDBA4914}"
EndProject
Project("{2150E333-8FDC-42A3-9474-1A3956D46DE8}") = "Services", "Services", "{3B11B3B5-0E2B-409E-AE94-C6206ACD6CF4}"
EndProject
Project("{2150E333-8FDC-42A3-9474-1A3956D46DE8}") = "Catalog", "Catalog", "{54EB8B2D-AA54-43B5-B549-3D3ABDDEF7E5}"
EndProject
Project("{2150E333-8FDC-42A3-9474-1A3956D46DE8}") = "Cart", "Cart", "{0C115A54-85C1-480B-8CDB-A67C1CB1870D}"
EndProject
Project("{9A19103F-16F7-4668-BE54-9A1E7A4F7556}") = "Cart.API", "Services\Cart\Cart.API\Cart.API.csproj", "{4C3C3EB0-1EA0-4E69-A567-A177F9D97136}"
EndProject
Project("{2150E333-8FDC-42A3-9474-1A3956D46DE8}") = "Order", "Order", "{46B6735C-E638-4B8A-B309-110CD5BA6257}"
EndProject
Project("{9A19103F-16F7-4668-BE54-9A1E7A4F7556}") = "Order.API", "Services\Order\Order.API\Order.API.csproj", "{65067BAC-A065-4766-9936-FA91A1E8C4B3}"
EndProject
Project("{2150E333-8FDC-42A3-9474-1A3956D46DE8}") = "Promotion", "Promotion", "{DF07E2D1-78F7-408B-9F11-4445E44959A6}"
EndProject
Project("{9A19103F-16F7-4668-BE54-9A1E7A4F7556}") = "Promotion.API", "Services\Promotion\Promotion.API\Promotion.API.csproj", "{4A803895-824B-4C76-9E2C-54FCE6CB9A49}"
EndProject
Project("{2150E333-8FDC-42A3-9474-1A3956D46DE8}") = "BuildingBlocks", "BuildingBlocks", "{74B1E5C9-ACC1-468C-9C47-8BD5EF703495}"
EndProject
Project("{9A19103F-16F7-4668-BE54-9A1E7A4F7556}") = "BuildingBlocks", "BuildingBlocks\BuildingBlocks\BuildingBlocks.csproj", "{A7CB3523-92BD-47A0-A27E-4B1F97C7FB49}"
EndProject
Project("{9A19103F-16F7-4668-BE54-9A1E7A4F7556}") = "Catalog.API", "Services\Catalog\Catalog.API\Catalog.API.csproj", "{E15C4CC9-038E-4984-9D68-6699B278C18E}"
EndProject
Project("{E53339B2-1760-4266-BCC7-CA923CBCF16C}") = "docker-compose", "docker-compose.dcproj", "{458B76FD-D9B3-4867-A7AB-A875C0B65ACB}"
EndProject
Global
	GlobalSection(SolutionConfigurationPlatforms) = preSolution
		Debug|Any CPU = Debug|Any CPU
		Release|Any CPU = Release|Any CPU
	EndGlobalSection
	GlobalSection(ProjectConfigurationPlatforms) = postSolution
		{FED86F64-BB21-4FB8-98FE-AEBABDBA4914}.Debug|Any CPU.ActiveCfg = Debug|Any CPU
		{FED86F64-BB21-4FB8-98FE-AEBABDBA4914}.Debug|Any CPU.Build.0 = Debug|Any CPU
		{FED86F64-BB21-4FB8-98FE-AEBABDBA4914}.Release|Any CPU.ActiveCfg = Release|Any CPU
		{FED86F64-BB21-4FB8-98FE-AEBABDBA4914}.Release|Any CPU.Build.0 = Release|Any CPU
		{4C3C3EB0-1EA0-4E69-A567-A177F9D97136}.Debug|Any CPU.ActiveCfg = Debug|Any CPU
		{4C3C3EB0-1EA0-4E69-A567-A177F9D97136}.Debug|Any CPU.Build.0 = Debug|Any CPU
		{4C3C3EB0-1EA0-4E69-A567-A177F9D97136}.Release|Any CPU.ActiveCfg = Release|Any CPU
		{4C3C3EB0-1EA0-4E69-A567-A177F9D97136}.Release|Any CPU.Build.0 = Release|Any CPU
		{65067BAC-A065-4766-9936-FA91A1E8C4B3}.Debug|Any CPU.ActiveCfg = Debug|Any CPU
		{65067BAC-A065-4766-9936-FA91A1E8C4B3}.Debug|Any CPU.Build.0 = Debug|Any CPU
		{65067BAC-A065-4766-9936-FA91A1E8C4B3}.Release|Any CPU.ActiveCfg = Release|Any CPU
		{65067BAC-A065-4766-9936-FA91A1E8C4B3}.Release|Any CPU.Build.0 = Release|Any CPU
		{4A803895-824B-4C76-9E2C-54FCE6CB9A49}.Debug|Any CPU.ActiveCfg = Debug|Any CPU
		{4A803895-824B-4C76-9E2C-54FCE6CB9A49}.Debug|Any CPU.Build.0 = Debug|Any CPU
		{4A803895-824B-4C76-9E2C-54FCE6CB9A49}.Release|Any CPU.ActiveCfg = Release|Any CPU
		{4A803895-824B-4C76-9E2C-54FCE6CB9A49}.Release|Any CPU.Build.0 = Release|Any CPU
		{A7CB3523-92BD-47A0-A27E-4B1F97C7FB49}.Debug|Any CPU.ActiveCfg = Debug|Any CPU
		{A7CB3523-92BD-47A0-A27E-4B1F97C7FB49}.Debug|Any CPU.Build.0 = Debug|Any CPU
		{A7CB3523-92BD-47A0-A27E-4B1F97C7FB49}.Release|Any CPU.ActiveCfg = Release|Any CPU
		{A7CB3523-92BD-47A0-A27E-4B1F97C7FB49}.Release|Any CPU.Build.0 = Release|Any CPU
		{E15C4CC9-038E-4984-9D68-6699B278C18E}.Debug|Any CPU.ActiveCfg = Debug|Any CPU
		{E15C4CC9-038E-4984-9D68-6699B278C18E}.Debug|Any CPU.Build.0 = Debug|Any CPU
		{E15C4CC9-038E-4984-9D68-6699B278C18E}.Release|Any CPU.ActiveCfg = Release|Any CPU
		{E15C4CC9-038E-4984-9D68-6699B278C18E}.Release|Any CPU.Build.0 = Release|Any CPU
		{458B76FD-D9B3-4867-A7AB-A875C0B65ACB}.Debug|Any CPU.ActiveCfg = Debug|Any CPU
		{458B76FD-D9B3-4867-A7AB-A875C0B65ACB}.Debug|Any CPU.Build.0 = Debug|Any CPU
		{458B76FD-D9B3-4867-A7AB-A875C0B65ACB}.Release|Any CPU.ActiveCfg = Release|Any CPU
		{458B76FD-D9B3-4867-A7AB-A875C0B65ACB}.Release|Any CPU.Build.0 = Release|Any CPU
	EndGlobalSection
	GlobalSection(SolutionProperties) = preSolution
		HideSolutionNode = FALSE
	EndGlobalSection
	GlobalSection(NestedProjects) = preSolution
		{FED86F64-BB21-4FB8-98FE-AEBABDBA4914} = {8BD9E357-C00F-430B-94D4-718305CD2C32}
		{54EB8B2D-AA54-43B5-B549-3D3ABDDEF7E5} = {3B11B3B5-0E2B-409E-AE94-C6206ACD6CF4}
		{0C115A54-85C1-480B-8CDB-A67C1CB1870D} = {3B11B3B5-0E2B-409E-AE94-C6206ACD6CF4}
		{4C3C3EB0-1EA0-4E69-A567-A177F9D97136} = {0C115A54-85C1-480B-8CDB-A67C1CB1870D}
		{46B6735C-E638-4B8A-B309-110CD5BA6257} = {3B11B3B5-0E2B-409E-AE94-C6206ACD6CF4}
		{65067BAC-A065-4766-9936-FA91A1E8C4B3} = {46B6735C-E638-4B8A-B309-110CD5BA6257}
		{DF07E2D1-78F7-408B-9F11-4445E44959A6} = {3B11B3B5-0E2B-409E-AE94-C6206ACD6CF4}
		{4A803895-824B-4C76-9E2C-54FCE6CB9A49} = {DF07E2D1-78F7-408B-9F11-4445E44959A6}
		{A7CB3523-92BD-47A0-A27E-4B1F97C7FB49} = {74B1E5C9-ACC1-468C-9C47-8BD5EF703495}
		{E15C4CC9-038E-4984-9D68-6699B278C18E} = {54EB8B2D-AA54-43B5-B549-3D3ABDDEF7E5}
	EndGlobalSection
	GlobalSection(ExtensibilityGlobals) = postSolution
		SolutionGuid = {6DF2E51C-206D-4BBD-9964-8051995CA334}
	EndGlobalSection
EndGlobal
